
Microsoft Visual Studio Solution File, Format Version 12.00
# Visual Studio Version 17
VisualStudioVersion = 17.14.36511.14
MinimumVisualStudioVersion = 10.0.40219.1
Project("{FAE04EC0-301F-11D3-BF4B-00C04F79EFBC}") = "KvalikSamira", "KvalikSamira\KvalikSamira.csproj", "{74DE8FF1-4307-4D95-99A5-090D37CE4F54}"
EndProject
Project("{FAE04EC0-301F-11D3-BF4B-00C04F79EFBC}") = "KvalikSamira.Tests", "KvalikSamira.Tests\KvalikSamira.Tests.csproj", "{7B76FBA3-1410-4B11-B519-A5E1C30AC8F7}"
EndProject
Global
	GlobalSection(SolutionConfigurationPlatforms) = preSolution
		Debug|Any CPU = Debug|Any CPU
		Debug|x64 = Debug|x64
		Debug|x86 = Debug|x86
		Release|Any CPU = Release|Any CPU
		Release|x64 = Release|x64
		Release|x86 = Release|x86
	EndGlobalSection
	GlobalSection(ProjectConfigurationPlatforms) = postSolution
		{74DE8FF1-4307-4D95-99A5-090D37CE4F54}.Debug|Any CPU.ActiveCfg = Debug|Any CPU
		{74DE8FF1-4307-4D95-99A5-090D37CE4F54}.Debug|Any CPU.Build.0 = Debug|Any CPU
		{74DE8FF1-4307-4D95-99A5-090D37CE4F54}.Debug|x64.ActiveCfg = Debug|Any CPU
		{74DE8FF1-4307-4D95-99A5-090D37CE4F54}.Debug|x64.Build.0 = Debug|Any CPU
		{74DE8FF1-4307-4D95-99A5-090D37CE4F54}.Debug|x86.ActiveCfg = Debug|Any CPU
		{74DE8FF1-4307-4D95-99A5-090D37CE4F54}.Debug|x86.Build.0 = Debug|Any CPU
		{74DE8FF1-4307-4D95-99A5-090D37CE4F54}.Release|Any CPU.ActiveCfg = Release|Any CPU
		{74DE8FF1-4307-4D95-99A5-090D37CE4F54}.Release|Any CPU.Build.0 = Release|Any CPU
		{74DE8FF1-4307-4D95-99A5-090D37CE4F54}.Release|x64.ActiveCfg = Release|Any CPU
		{74DE8FF1-4307-4D95-99A5-090D37CE4F54}.Release|x64.Build.0 = Release|Any CPU
		{74DE8FF1-4307-4D95-99A5-090D37CE4F54}.Release|x86.ActiveCfg = Release|Any CPU
		{74DE8FF1-4307-4D95-99A5-090D37CE4F54}.Release|x86.Build.0 = Release|Any CPU
		{7B76FBA3-1410-4B11-B519-A5E1C30AC8F7}.Debug|Any CPU.ActiveCfg = Debug|Any CPU
		{7B76FBA3-1410-4B11-B519-A5E1C30AC8F7}.Debug|Any CPU.Build.0 = Debug|Any CPU
		{7B76FBA3-1410-4B11-B519-A5E1C30AC8F7}.Debug|x64.ActiveCfg = Debug|Any CPU
		{7B76FBA3-1410-4B11-B519-A5E1C30AC8F7}.Debug|x64.Build.0 = Debug|Any CPU
		{7B76FBA3-1410-4B11-B519-A5E1C30AC8F7}.Debug|x86.ActiveCfg = Debug|Any CPU
		{7B76FBA3-1410-4B11-B519-A5E1C30AC8F7}.Debug|x86.Build.0 = Debug|Any CPU
		{7B76FBA3-1410-4B11-B519-A5E1C30AC8F7}.Release|Any CPU.ActiveCfg = Release|Any CPU
		{7B76FBA3-1410-4B11-B519-A5E1C30AC8F7}.Release|Any CPU.Build.0 = Release|Any CPU
		{7B76FBA3-1410-4B11-B519-A5E1C30AC8F7}.Release|x64.ActiveCfg = Release|Any CPU
		{7B76FBA3-1410-4B11-B519-A5E1C30AC8F7}.Release|x64.Build.0 = Release|Any CPU
		{7B76FBA3-1410-4B11-B519-A5E1C30AC8F7}.Release|x86.ActiveCfg = Release|Any CPU
		{7B76FBA3-1410-4B11-B519-A5E1C30AC8F7}.Release|x86.Build.0 = Release|Any CPU
	EndGlobalSection
	GlobalSection(SolutionProperties) = preSolution
		HideSolutionNode = FALSE
	EndGlobalSection
	GlobalSection(ExtensibilityGlobals) = postSolution
		SolutionGuid = {C58DACE0-22A4-4EF7-8FAC-25FE5D38B867}
	EndGlobalSection
EndGlobal
